// !$*UTF8*$!
{
	archiveVersion = 1;
	classes = {
	};
	objectVersion = 46;
	objects = {

/* Begin PBXBuildFile section */
		DE015C581C7E08B900FF5C97 /* AppDelegate.swift in Sources */ = {isa = PBXBuildFile; fileRef = DE015C571C7E08B900FF5C97 /* AppDelegate.swift */; };
		DE015C5A1C7E08B900FF5C97 /* ViewController.swift in Sources */ = {isa = PBXBuildFile; fileRef = DE015C591C7E08B900FF5C97 /* ViewController.swift */; };
		DE015C5D1C7E08B900FF5C97 /* Main.storyboard in Resources */ = {isa = PBXBuildFile; fileRef = DE015C5B1C7E08B900FF5C97 /* Main.storyboard */; };
		DE015C601C7E08B900FF5C97 /* ICSecrets.xcdatamodeld in Sources */ = {isa = PBXBuildFile; fileRef = DE015C5E1C7E08B900FF5C97 /* ICSecrets.xcdatamodeld */; };
		DE015C621C7E08B900FF5C97 /* Assets.xcassets in Resources */ = {isa = PBXBuildFile; fileRef = DE015C611C7E08B900FF5C97 /* Assets.xcassets */; };
		DE015C651C7E08B900FF5C97 /* LaunchScreen.storyboard in Resources */ = {isa = PBXBuildFile; fileRef = DE015C631C7E08B900FF5C97 /* LaunchScreen.storyboard */; };
		DE015C6E1C7FCBD700FF5C97 /* FBSDKCoreKit.framework in Frameworks */ = {isa = PBXBuildFile; fileRef = DE015C6D1C7FCBD700FF5C97 /* FBSDKCoreKit.framework */; };
		DE015C701C7FD45300FF5C97 /* FBSDKLoginKit.framework in Frameworks */ = {isa = PBXBuildFile; fileRef = DE015C6F1C7FD45300FF5C97 /* FBSDKLoginKit.framework */; };
		DE015C721C7FD65A00FF5C97 /* Bolts.framework in Frameworks */ = {isa = PBXBuildFile; fileRef = DE015C711C7FD65A00FF5C97 /* Bolts.framework */; };
/* End PBXBuildFile section */

/* Begin PBXFileReference section */
		DE015C541C7E08B900FF5C97 /* ICSecrets.app */ = {isa = PBXFileReference; explicitFileType = wrapper.application; includeInIndex = 0; path = ICSecrets.app; sourceTree = BUILT_PRODUCTS_DIR; };
		DE015C571C7E08B900FF5C97 /* AppDelegate.swift */ = {isa = PBXFileReference; lastKnownFileType = sourcecode.swift; path = AppDelegate.swift; sourceTree = "<group>"; };
		DE015C591C7E08B900FF5C97 /* ViewController.swift */ = {isa = PBXFileReference; lastKnownFileType = sourcecode.swift; path = ViewController.swift; sourceTree = "<group>"; };
		DE015C5C1C7E08B900FF5C97 /* Base */ = {isa = PBXFileReference; lastKnownFileType = file.storyboard; name = Base; path = Base.lproj/Main.storyboard; sourceTree = "<group>"; };
		DE015C5F1C7E08B900FF5C97 /* ICSecrets.xcdatamodel */ = {isa = PBXFileReference; lastKnownFileType = wrapper.xcdatamodel; path = ICSecrets.xcdatamodel; sourceTree = "<group>"; };
		DE015C611C7E08B900FF5C97 /* Assets.xcassets */ = {isa = PBXFileReference; lastKnownFileType = folder.assetcatalog; path = Assets.xcassets; sourceTree = "<group>"; };
		DE015C641C7E08B900FF5C97 /* Base */ = {isa = PBXFileReference; lastKnownFileType = file.storyboard; name = Base; path = Base.lproj/LaunchScreen.storyboard; sourceTree = "<group>"; };
		DE015C661C7E08B900FF5C97 /* Info.plist */ = {isa = PBXFileReference; lastKnownFileType = text.plist.xml; path = Info.plist; sourceTree = "<group>"; };
		DE015C6D1C7FCBD700FF5C97 /* FBSDKCoreKit.framework */ = {isa = PBXFileReference; lastKnownFileType = wrapper.framework; name = FBSDKCoreKit.framework; path = "../../../Downloads/FacebookSDKs-iOS-20160210/FBSDKCoreKit.framework"; sourceTree = "<group>"; };
		DE015C6F1C7FD45300FF5C97 /* FBSDKLoginKit.framework */ = {isa = PBXFileReference; lastKnownFileType = wrapper.framework; name = FBSDKLoginKit.framework; path = FacebookSDK/FBSDKLoginKit.framework; sourceTree = "<group>"; };
		DE015C711C7FD65A00FF5C97 /* Bolts.framework */ = {isa = PBXFileReference; lastKnownFileType = wrapper.framework; name = Bolts.framework; path = FacebookSDK/Bolts.framework; sourceTree = "<group>"; };
/* End PBXFileReference section */

/* Begin PBXFrameworksBuildPhase section */
		DE015C511C7E08B900FF5C97 /* Frameworks */ = {
			isa = PBXFrameworksBuildPhase;
			buildActionMask = 2147483647;
			files = (
				DE015C721C7FD65A00FF5C97 /* Bolts.framework in Frameworks */,
				DE015C701C7FD45300FF5C97 /* FBSDKLoginKit.framework in Frameworks */,
				DE015C6E1C7FCBD700FF5C97 /* FBSDKCoreKit.framework in Frameworks */,
			);
			runOnlyForDeploymentPostprocessing = 0;
		};
/* End PBXFrameworksBuildPhase section */

/* Begin PBXGroup section */
		DE015C4B1C7E08B900FF5C97 = {
			isa = PBXGroup;
			children = (
				DE015C6C1C7FCBA300FF5C97 /* Frameworks */,
				DE015C561C7E08B900FF5C97 /* ICSecrets */,
				DE015C551C7E08B900FF5C97 /* Products */,
			);
			sourceTree = "<group>";
		};
		DE015C551C7E08B900FF5C97 /* Products */ = {
			isa = PBXGroup;
			children = (
				DE015C541C7E08B900FF5C97 /* ICSecrets.app */,
			);
			name = Products;
			sourceTree = "<group>";
		};
		DE015C561C7E08B900FF5C97 /* ICSecrets */ = {
			isa = PBXGroup;
			children = (
				DE015C571C7E08B900FF5C97 /* AppDelegate.swift */,
				DE015C591C7E08B900FF5C97 /* ViewController.swift */,
				DE015C5B1C7E08B900FF5C97 /* Main.storyboard */,
				DE015C611C7E08B900FF5C97 /* Assets.xcassets */,
				DE015C631C7E08B900FF5C97 /* LaunchScreen.storyboard */,
				DE015C661C7E08B900FF5C97 /* Info.plist */,
				DE015C5E1C7E08B900FF5C97 /* ICSecrets.xcdatamodeld */,
			);
			path = ICSecrets;
			sourceTree = "<group>";
		};
		DE015C6C1C7FCBA300FF5C97 /* Frameworks */ = {
			isa = PBXGroup;
			children = (
				DE015C6D1C7FCBD700FF5C97 /* FBSDKCoreKit.framework */,
				DE015C711C7FD65A00FF5C97 /* Bolts.framework */,
				DE015C6F1C7FD45300FF5C97 /* FBSDKLoginKit.framework */,
			);
			name = Frameworks;
			sourceTree = "<group>";
		};
/* End PBXGroup section */

/* Begin PBXNativeTarget section */
		DE015C531C7E08B900FF5C97 /* ICSecrets */ = {
			isa = PBXNativeTarget;
			buildConfigurationList = DE015C691C7E08B900FF5C97 /* Build configuration list for PBXNativeTarget "ICSecrets" */;
			buildPhases = (
				DE015C501C7E08B900FF5C97 /* Sources */,
				DE015C511C7E08B900FF5C97 /* Frameworks */,
				DE015C521C7E08B900FF5C97 /* Resources */,
			);
			buildRules = (
			);
			dependencies = (
			);
			name = ICSecrets;
			productName = ICSecrets;
			productReference = DE015C541C7E08B900FF5C97 /* ICSecrets.app */;
			productType = "com.apple.product-type.application";
		};
/* End PBXNativeTarget section */

/* Begin PBXProject section */
		DE015C4C1C7E08B900FF5C97 /* Project object */ = {
			isa = PBXProject;
			attributes = {
				LastSwiftUpdateCheck = 0720;
				LastUpgradeCheck = 0720;
				ORGANIZATIONNAME = "Ali Attar";
				TargetAttributes = {
					DE015C531C7E08B900FF5C97 = {
						CreatedOnToolsVersion = 7.2.1;
					};
				};
			};
			buildConfigurationList = DE015C4F1C7E08B900FF5C97 /* Build configuration list for PBXProject "ICSecrets" */;
			compatibilityVersion = "Xcode 3.2";
			developmentRegion = English;
			hasScannedForEncodings = 0;
			knownRegions = (
				en,
				Base,
			);
			mainGroup = DE015C4B1C7E08B900FF5C97;
			productRefGroup = DE015C551C7E08B900FF5C97 /* Products */;
			projectDirPath = "";
			projectRoot = "";
			targets = (
				DE015C531C7E08B900FF5C97 /* ICSecrets */,
			);
		};
/* End PBXProject section */

/* Begin PBXResourcesBuildPhase section */
		DE015C521C7E08B900FF5C97 /* Resources */ = {
			isa = PBXResourcesBuildPhase;
			buildActionMask = 2147483647;
			files = (
				DE015C651C7E08B900FF5C97 /* LaunchScreen.storyboard in Resources */,
				DE015C621C7E08B900FF5C97 /* Assets.xcassets in Resources */,
				DE015C5D1C7E08B900FF5C97 /* Main.storyboard in Resources */,
			);
			runOnlyForDeploymentPostprocessing = 0;
		};
/* End PBXResourcesBuildPhase section */

/* Begin PBXSourcesBuildPhase section */
		DE015C501C7E08B900FF5C97 /* Sources */ = {
			isa = PBXSourcesBuildPhase;
			buildActionMask = 2147483647;
			files = (
				DE015C5A1C7E08B900FF5C97 /* ViewController.swift in Sources */,
				DE015C581C7E08B900FF5C97 /* AppDelegate.swift in Sources */,
				DE015C601C7E08B900FF5C97 /* ICSecrets.xcdatamodeld in Sources */,
			);
			runOnlyForDeploymentPostprocessing = 0;
		};
/* End PBXSourcesBuildPhase section */

/* Begin PBXVariantGroup section */
		DE015C5B1C7E08B900FF5C97 /* Main.storyboard */ = {
			isa = PBXVariantGroup;
			children = (
				DE015C5C1C7E08B900FF5C97 /* Base */,
			);
			name = Main.storyboard;
			sourceTree = "<group>";
		};
		DE015C631C7E08B900FF5C97 /* LaunchScreen.storyboard */ = {
			isa = PBXVariantGroup;
			children = (
				DE015C641C7E08B900FF5C97 /* Base */,
			);
			name = LaunchScreen.storyboard;
			sourceTree = "<group>";
		};
/* End PBXVariantGroup section */

/* Begin XCBuildConfiguration section */
		DE015C671C7E08B900FF5C97 /* Debug */ = {
			isa = XCBuildConfiguration;
			buildSettings = {
				ALWAYS_SEARCH_USER_PATHS = NO;
				CLANG_CXX_LANGUAGE_STANDARD = "gnu++0x";
				CLANG_CXX_LIBRARY = "libc++";
				CLANG_ENABLE_MODULES = YES;
				CLANG_ENABLE_OBJC_ARC = YES;
				CLANG_WARN_BOOL_CONVERSION = YES;
				CLANG_WARN_CONSTANT_CONVERSION = YES;
				CLANG_WARN_DIRECT_OBJC_ISA_USAGE = YES_ERROR;
				CLANG_WARN_EMPTY_BODY = YES;
				CLANG_WARN_ENUM_CONVERSION = YES;
				CLANG_WARN_INT_CONVERSION = YES;
				CLANG_WARN_OBJC_ROOT_CLASS = YES_ERROR;
				CLANG_WARN_UNREACHABLE_CODE = YES;
				CLANG_WARN__DUPLICATE_METHOD_MATCH = YES;
				"CODE_SIGN_IDENTITY[sdk=iphoneos*]" = "iPhone Developer";
				COPY_PHASE_STRIP = NO;
				DEBUG_INFORMATION_FORMAT = dwarf;
				ENABLE_STRICT_OBJC_MSGSEND = YES;
				ENABLE_TESTABILITY = YES;
				"FRAMEWORK_SEARCH_PATHS[arch=*]" = /Users/aliattar/Documents/ICSecrets/ICSecrets/FacebookSDK;
				GCC_C_LANGUAGE_STANDARD = gnu99;
				GCC_DYNAMIC_NO_PIC = NO;
				GCC_NO_COMMON_BLOCKS = YES;
				GCC_OPTIMIZATION_LEVEL = 0;
				GCC_PREPROCESSOR_DEFINITIONS = (
					"DEBUG=1",
					"$(inherited)",
				);
				GCC_WARN_64_TO_32_BIT_CONVERSION = YES;
				GCC_WARN_ABOUT_RETURN_TYPE = YES_ERROR;
				GCC_WARN_UNDECLARED_SELECTOR = YES;
				GCC_WARN_UNINITIALIZED_AUTOS = YES_AGGRESSIVE;
				GCC_WARN_UNUSED_FUNCTION = YES;
				GCC_WARN_UNUSED_VARIABLE = YES;
				IPHONEOS_DEPLOYMENT_TARGET = 9.2;
				MTL_ENABLE_DEBUG_INFO = YES;
				ONLY_ACTIVE_ARCH = YES;
				SDKROOT = iphoneos;
				SWIFT_OPTIMIZATION_LEVEL = "-Onone";
				TARGETED_DEVICE_FAMILY = "1,2";
			};
			name = Debug;
		};
		DE015C681C7E08B900FF5C97 /* Release */ = {
			isa = XCBuildConfiguration;
			buildSettings = {
				ALWAYS_SEARCH_USER_PATHS = NO;
				CLANG_CXX_LANGUAGE_STANDARD = "gnu++0x";
				CLANG_CXX_LIBRARY = "libc++";
				CLANG_ENABLE_MODULES = YES;
				CLANG_ENABLE_OBJC_ARC = YES;
				CLANG_WARN_BOOL_CONVERSION = YES;
				CLANG_WARN_CONSTANT_CONVERSION = YES;
				CLANG_WARN_DIRECT_OBJC_ISA_USAGE = YES_ERROR;
				CLANG_WARN_EMPTY_BODY = YES;
				CLANG_WARN_ENUM_CONVERSION = YES;
				CLANG_WARN_INT_CONVERSION = YES;
				CLANG_WARN_OBJC_ROOT_CLASS = YES_ERROR;
				CLANG_WARN_UNREACHABLE_CODE = YES;
				CLANG_WARN__DUPLICATE_METHOD_MATCH = YES;
				"CODE_SIGN_IDENTITY[sdk=iphoneos*]" = "iPhone Developer";
				COPY_PHASE_STRIP = NO;
				DEBUG_INFORMATION_FORMAT = "dwarf-with-dsym";
				ENABLE_NS_ASSERTIONS = NO;
				ENABLE_STRICT_OBJC_MSGSEND = YES;
				"FRAMEWORK_SEARCH_PATHS[arch=*]" = /Users/aliattar/Documents/ICSecrets/ICSecrets/FacebookSDK;
				GCC_C_LANGUAGE_STANDARD = gnu99;
				GCC_NO_COMMON_BLOCKS = YES;
				GCC_WARN_64_TO_32_BIT_CONVERSION = YES;
				GCC_WARN_ABOUT_RETURN_TYPE = YES_ERROR;
				GCC_WARN_UNDECLARED_SELECTOR = YES;
				GCC_WARN_UNINITIALIZED_AUTOS = YES_AGGRESSIVE;
				GCC_WARN_UNUSED_FUNCTION = YES;
				GCC_WARN_UNUSED_VARIABLE = YES;
				IPHONEOS_DEPLOYMENT_TARGET = 9.2;
				MTL_ENABLE_DEBUG_INFO = NO;
				SDKROOT = iphoneos;
				TARGETED_DEVICE_FAMILY = "1,2";
				VALIDATE_PRODUCT = YES;
			};
			name = Release;
		};
		DE015C6A1C7E08B900FF5C97 /* Debug */ = {
			isa = XCBuildConfiguration;
			buildSettings = {
				ASSETCATALOG_COMPILER_APPICON_NAME = AppIcon;
				FRAMEWORK_SEARCH_PATHS = (
					"$(inherited)",
					"$(PROJECT_DIR)/FacebookSDK",
				);
				INFOPLIST_FILE = ICSecrets/Info.plist;
				IPHONEOS_DEPLOYMENT_TARGET = 9.0;
				LD_RUNPATH_SEARCH_PATHS = "$(inherited) @executable_path/Frameworks";
				PRODUCT_BUNDLE_IDENTIFIER = "Ali-Attar.ICSecrets";
				PRODUCT_NAME = "$(TARGET_NAME)";
			};
			name = Debug;
		};
		DE015C6B1C7E08B900FF5C97 /* Release */ = {
			isa = XCBuildConfiguration;
			buildSettings = {
				ASSETCATALOG_COMPILER_APPICON_NAME = AppIcon;
				FRAMEWORK_SEARCH_PATHS = (
					"$(inherited)",
					"$(PROJECT_DIR)/FacebookSDK",
				);
				INFOPLIST_FILE = ICSecrets/Info.plist;
				IPHONEOS_DEPLOYMENT_TARGET = 9.0;
				LD_RUNPATH_SEARCH_PATHS = "$(inherited) @executable_path/Frameworks";
				PRODUCT_BUNDLE_IDENTIFIER = "Ali-Attar.ICSecrets";
				PRODUCT_NAME = "$(TARGET_NAME)";
			};
			name = Release;
		};
/* End XCBuildConfiguration section */

/* Begin XCConfigurationList section */
		DE015C4F1C7E08B900FF5C97 /* Build configuration list for PBXProject "ICSecrets" */ = {
			isa = XCConfigurationList;
			buildConfigurations = (
				DE015C671C7E08B900FF5C97 /* Debug */,
				DE015C681C7E08B900FF5C97 /* Release */,
			);
			defaultConfigurationIsVisible = 0;
			defaultConfigurationName = Release;
		};
		DE015C691C7E08B900FF5C97 /* Build configuration list for PBXNativeTarget "ICSecrets" */ = {
			isa = XCConfigurationList;
			buildConfigurations = (
				DE015C6A1C7E08B900FF5C97 /* Debug */,
				DE015C6B1C7E08B900FF5C97 /* Release */,
			);
			defaultConfigurationIsVisible = 0;
			defaultConfigurationName = Release;
		};
/* End XCConfigurationList section */

/* Begin XCVersionGroup section */
		DE015C5E1C7E08B900FF5C97 /* ICSecrets.xcdatamodeld */ = {
			isa = XCVersionGroup;
			children = (
				DE015C5F1C7E08B900FF5C97 /* ICSecrets.xcdatamodel */,
			);
			currentVersion = DE015C5F1C7E08B900FF5C97 /* ICSecrets.xcdatamodel */;
			path = ICSecrets.xcdatamodeld;
			sourceTree = "<group>";
			versionGroupType = wrapper.xcdatamodel;
		};
/* End XCVersionGroup section */
	};
	rootObject = DE015C4C1C7E08B900FF5C97 /* Project object */;
}
